<?xml version="1.0" encoding="UTF-8" standalone="yes" ?>
<CodeBlocks_project_file>
	<FileVersion major="1" minor="6" />
	<Project>
		<Option title="Graal Emulation Server" />
		<Option pch_mode="2" />
		<Option compiler="gcc" />
		<Build>
			<Target title="Win32">
				<Option output="..\bin\WGserver" prefix_auto="1" extension_auto="1" />
				<Option working_dir="..\bin\" />
				<Option object_output="obj\Win32\" />
				<Option type="1" />
				<Option compiler="gcc" />
				<Compiler>
					<Add option="-DWIN32" />
				</Compiler>
				<Linker>
					<Add option="-s" />
					<Add library="wsock32" />
					<Add library="libzdll" />
					<Add directory="lib\" />
				</Linker>
			</Target>
			<Target title="Linux">
				<Option output="..\bin\LGserver" prefix_auto="1" extension_auto="0" />
				<Option working_dir="..\bin\" />
				<Option object_output="obj\Linux\" />
				<Option type="1" />
				<Option compiler="gcc" />
				<Compiler>
					<Add option="-O2" />
				</Compiler>
				<Linker>
					<Add option="-s" />
					<Add option="-pg" />
					<Add library="sqliteLINUX" />
					<Add library="z" />
					<Add library="dl" />
					<Add library="pthread" />
					<Add directory="lib\" />
				</Linker>
			</Target>
			<Target title="PSP">
				<Option output="..\bin\PGserver.elf" prefix_auto="1" extension_auto="0" />
				<Option object_output="obj\PSP\" />
				<Option type="1" />
				<Option compiler="pspcompiler" />
				<Option use_console_runner="0" />
				<Compiler>
					<Add option="-O2 -G0" />
					<Add option="-DPSPSDK" />
					<Add option="-DPSP_FW_VERSION=150" />
				</Compiler>
				<Linker>
					<Add option="-lstdc++ -lc -lz -lm -lpspdebug -lpspdisplay -lpspge -lpspctrl -lpspsdk -lc -lpspnet -lpspnet_inet -lpspnet_apctl -lpspnet_resolver -lpsputility -lpspuser -lpspkernel" />
				</Linker>
				<ExtraCommands>
					<Add after="psp-fixup-imports $(TARGET_OUTPUT_DIR)$(TARGET_OUTPUT_BASENAME).elf" />
					<Add after="mksfo &apos;$(PROJECT_NAME)&apos; $(PSP_EBOOT_SFO)" />
					<Add after="psp-strip $(TARGET_OUTPUT_DIR)$(TARGET_OUTPUT_BASENAME).elf -o $(TARGET_OUTPUT_DIR)$(TARGET_OUTPUT_BASENAME)_strip.elf" />
					<Add after="pack-pbp $(TARGET_OUTPUT_DIR)$(PSP_EBOOT) $(PSP_EBOOT_SFO) $(PSP_EBOOT_ICON) $(PSP_EBOOT_ICON1) $(PSP_EBOOT_UNKPNG) $(PSP_EBOOT_PIC1) $(PSP_EBOOT_SND0) $(TARGET_OUTPUT_DIR)$(TARGET_OUTPUT_BASENAME)_strip.elf $(PSP_EBOOT_PSAR)" />
					<Add after="rm -f $(PSP_EBOOT_SFO)" />
					<Add after="rm -f $(TARGET_OUTPUT_DIR)$(TARGET_OUTPUT_BASENAME).elf" />
					<Add after="rm -f $(TARGET_OUTPUT_DIR)$(TARGET_OUTPUT_BASENAME)_strip.elf" />
					<Mode after="always" />
				</ExtraCommands>
				<Environment>
					<Variable name="PSP_EBOOT_ICON" value="lib/ICON0.PNG" />
					<Variable name="PSP_EBOOT" value="EBOOT.PBP" />
					<Variable name="PSP_EBOOT_SFO" value="lib/PARAM.SFO" />
					<Variable name="PSP_EBOOT_UNKPNG" value="NULL" />
					<Variable name="PSP_EBOOT_SND0" value="NULL" />
					<Variable name="PSP_EBOOT_PSAR" value="NULL" />
					<Variable name="PSP_EBOOT_TITLE" value='&quot;Graal Emulation Server&quot;' />
					<Variable name="PSP_EBOOT_ICON1" value="NULL" />
					<Variable name="PSP_EBOOT_PIC1" value="lib/PIC1.PNG" />
				</Environment>
			</Target>
		</Build>
		<Compiler>
			<Add option="-Wall" />
			<Add option="-fexceptions" />
		</Compiler>
		<Unit filename="..\src\CAccount.cpp" />
		<Unit filename="..\src\CAccount.h" />
		<Unit filename="..\src\CBaddy.cpp" />
		<Unit filename="..\src\CBaddy.h" />
		<Unit filename="..\src\CBuffer.cpp" />
		<Unit filename="..\src\CBuffer.h" />
		<Unit filename="..\src\CDatabase.cpp" />
		<Unit filename="..\src\CDatabase.h" />
		<Unit filename="..\src\CIni.cpp" />
		<Unit filename="..\src\CIni.h" />
		<Unit filename="..\src\CLevel.cpp" />
		<Unit filename="..\src\CLevel.h" />
		<Unit filename="..\src\CLinkedList.cpp" />
		<Unit filename="..\src\CLinkedList.h" />
		<Unit filename="..\src\CList.cpp" />
		<Unit filename="..\src\CList.h" />
		<Unit filename="..\src\CListServer.cpp" />
		<Unit filename="..\src\CListServer.h" />
		<Unit filename="..\src\CMap.cpp" />
		<Unit filename="..\src\CMap.h" />
		<Unit filename="..\src\CNpc.cpp" />
		<Unit filename="..\src\CNpc.h" />
		<Unit filename="..\src\COther.h" />
		<Unit filename="..\src\CPacket.cpp" />
		<Unit filename="..\src\CPacket.h" />
		<Unit filename="..\src\CPlayer.cpp" />
		<Unit filename="..\src\CPlayer.h" />
		<Unit filename="..\src\CSocket.cpp" />
		<Unit filename="..\src\CSocket.h" />
		<Unit filename="..\src\CString.h" />
		<Unit filename="..\src\CStringList.cpp" />
		<Unit filename="..\src\CStringList.h" />
		<Unit filename="..\src\CWeapon.cpp" />
		<Unit filename="..\src\CWeapon.h" />
		<Unit filename="..\src\CWordFilter.cpp" />
		<Unit filename="..\src\CWordFilter.h" />
		<Unit filename="..\src\main.cpp" />
		<Unit filename="..\src\main.h" />
		<Extensions>
			<code_completion />
			<envvars />
			<debugger />
		</Extensions>
	</Project>
</CodeBlocks_project_file>
