<?xml version="1.0" encoding="UTF-8" standalone="yes" ?>
<CodeBlocks_project_file>
	<FileVersion major="1" minor="6" />
	<Project>
		<Option title="winGserver" />
		<Option pch_mode="2" />
		<Option compiler="gcc" />
		<Build>
			<Target title="Win32">
				<Option output="..\bin\winGserver" prefix_auto="1" extension_auto="1" />
				<Option working_dir="..\bin\" />
				<Option object_output="obj\Release\" />
				<Option type="1" />
				<Option compiler="gcc" />
				<Compiler>
					<Add option="-DWIN32" />
				</Compiler>
				<Linker>
					<Add option="-s" />
					<Add library="wsock32" />
					<Add library="libzdll" />
					<Add directory="lib\" />
				</Linker>
			</Target>
			<Target title="Linux">
				<Option output="..\bin\winGserver" prefix_auto="1" extension_auto="1" />
				<Option working_dir="..\bin\" />
				<Option object_output="obj\Release\" />
				<Option type="1" />
				<Option compiler="gcc" />
				<Compiler>
					<Add option="-O2" />
				</Compiler>
				<Linker>
					<Add option="-s" />
					<Add option="-pg" />
					<Add library="sqliteLINUX" />
					<Add library="z" />
					<Add library="dl" />
					<Add library="pthread" />
					<Add directory="lib\" />
				</Linker>
			</Target>
		</Build>
		<Compiler>
			<Add option="-Wall" />
			<Add option="-fexceptions" />
		</Compiler>
		<Unit filename="..\src\CAccount.cpp" />
		<Unit filename="..\src\CAccount.h" />
		<Unit filename="..\src\CBaddy.cpp" />
		<Unit filename="..\src\CBaddy.h" />
		<Unit filename="..\src\CBuffer.cpp" />
		<Unit filename="..\src\CBuffer.h" />
		<Unit filename="..\src\CDatabase.cpp" />
		<Unit filename="..\src\CDatabase.h" />
		<Unit filename="..\src\CIni.cpp" />
		<Unit filename="..\src\CIni.h" />
		<Unit filename="..\src\CLevel.cpp" />
		<Unit filename="..\src\CLevel.h" />
		<Unit filename="..\src\CLinkedList.cpp" />
		<Unit filename="..\src\CLinkedList.h" />
		<Unit filename="..\src\CList.cpp" />
		<Unit filename="..\src\CList.h" />
		<Unit filename="..\src\CListServer.cpp" />
		<Unit filename="..\src\CListServer.h" />
		<Unit filename="..\src\CMap.cpp" />
		<Unit filename="..\src\CMap.h" />
		<Unit filename="..\src\CNpc.cpp" />
		<Unit filename="..\src\CNpc.h" />
		<Unit filename="..\src\COther.h" />
		<Unit filename="..\src\CPacket.cpp" />
		<Unit filename="..\src\CPacket.h" />
		<Unit filename="..\src\CPlayer.cpp" />
		<Unit filename="..\src\CPlayer.h" />
		<Unit filename="..\src\CSocket.cpp" />
		<Unit filename="..\src\CSocket.h" />
		<Unit filename="..\src\CString.h" />
		<Unit filename="..\src\CStringList.cpp" />
		<Unit filename="..\src\CStringList.h" />
		<Unit filename="..\src\CWeapon.cpp" />
		<Unit filename="..\src\CWeapon.h" />
		<Unit filename="..\src\CWordFilter.cpp" />
		<Unit filename="..\src\CWordFilter.h" />
		<Unit filename="..\src\main.cpp" />
		<Unit filename="..\src\main.h" />
		<Extensions>
			<code_completion />
			<envvars />
			<debugger />
		</Extensions>
	</Project>
</CodeBlocks_project_file>
