<?xml version="1.0" encoding="UTF-8" standalone="yes" ?>
<CodeBlocks_project_file>
	<FileVersion major="1" minor="6" />
	<Project>
		<Option title="GServer2" />
		<Option pch_mode="2" />
		<Option compiler="gcc" />
		<Option virtualFolders="Custom Classes\;Levels\;Serverlist\;Players\;" />
		<Build>
			<Target title="Linux">
				<Option platforms="Unix;Mac;" />
				<Option output="..\..\bin\GServer2" prefix_auto="1" extension_auto="1" />
				<Option working_dir="..\..\bin\" />
				<Option object_output="obj\" />
				<Option type="1" />
				<Option compiler="gcc" />
			</Target>
			<Target title="Windows">
				<Option platforms="Windows;" />
				<Option output="..\..\bin\GServer2" prefix_auto="1" extension_auto="1" />
				<Option working_dir="..\..\bin\" />
				<Option object_output="obj\" />
				<Option type="1" />
				<Option compiler="gcc" />
				<Compiler>
					<Add option="-O2" />
				</Compiler>
				<Linker>
					<Add library="libws2_32.a" />
				</Linker>
			</Target>
		</Build>
		<Compiler>
			<Add option="-Wall" />
		</Compiler>
		<Linker>
			<Add library="libbz2.a" />
			<Add library="libz.a" />
			<Add directory="..\..\lib" />
		</Linker>
		<Unit filename="..\..\src\CSettings.cpp">
			<Option virtualFolder="Custom Classes\" />
		</Unit>
		<Unit filename="..\..\src\CSettings.h">
			<Option virtualFolder="Custom Classes\" />
		</Unit>
		<Unit filename="..\..\src\CSocket.cpp">
			<Option virtualFolder="Custom Classes\" />
		</Unit>
		<Unit filename="..\..\src\CSocket.h">
			<Option virtualFolder="Custom Classes\" />
		</Unit>
		<Unit filename="..\..\src\CString.cpp">
			<Option virtualFolder="Custom Classes\" />
		</Unit>
		<Unit filename="..\..\src\CString.h">
			<Option virtualFolder="Custom Classes\" />
		</Unit>
		<Unit filename="..\..\src\TAccount.cpp">
			<Option virtualFolder="Players\" />
		</Unit>
		<Unit filename="..\..\src\TAccount.h">
			<Option virtualFolder="Players\" />
		</Unit>
		<Unit filename="..\..\src\TLevel.cpp">
			<Option virtualFolder="Levels\" />
		</Unit>
		<Unit filename="..\..\src\TLevel.h">
			<Option virtualFolder="Levels\" />
		</Unit>
		<Unit filename="..\..\src\TLevelBaddy.cpp">
			<Option virtualFolder="Levels\" />
		</Unit>
		<Unit filename="..\..\src\TLevelBaddy.h">
			<Option virtualFolder="Levels\" />
		</Unit>
		<Unit filename="..\..\src\TLevelChest.cpp">
			<Option virtualFolder="Levels\" />
		</Unit>
		<Unit filename="..\..\src\TLevelChest.h">
			<Option virtualFolder="Levels\" />
		</Unit>
		<Unit filename="..\..\src\TLevelHorse.cpp">
			<Option virtualFolder="Levels\" />
		</Unit>
		<Unit filename="..\..\src\TLevelHorse.h">
			<Option virtualFolder="Levels\" />
		</Unit>
		<Unit filename="..\..\src\TLevelItem.cpp">
			<Option virtualFolder="Levels\" />
		</Unit>
		<Unit filename="..\..\src\TLevelItem.h">
			<Option virtualFolder="Levels\" />
		</Unit>
		<Unit filename="..\..\src\TLevelLink.cpp">
			<Option virtualFolder="Levels\" />
		</Unit>
		<Unit filename="..\..\src\TLevelLink.h">
			<Option virtualFolder="Levels\" />
		</Unit>
		<Unit filename="..\..\src\TPlayer.cpp">
			<Option virtualFolder="Players\" />
		</Unit>
		<Unit filename="..\..\src\TPlayer.h">
			<Option virtualFolder="Players\" />
		</Unit>
		<Unit filename="..\..\src\TServerList.cpp">
			<Option virtualFolder="Serverlist\" />
		</Unit>
		<Unit filename="..\..\src\TServerList.h">
			<Option virtualFolder="Serverlist\" />
		</Unit>
		<Unit filename="..\..\src\crypt.cpp" />
		<Unit filename="..\..\src\crypt.h" />
		<Unit filename="..\..\src\main.cpp" />
		<Unit filename="..\..\src\main.h" />
		<Extensions>
			<code_completion />
			<envvars />
			<debugger />
			<lib_finder disable_auto="1" />
		</Extensions>
	</Project>
</CodeBlocks_project_file>
