
Microsoft Visual Studio Solution File, Format Version 11.00
# Visual Studio 2010
Project("{FAE04EC0-301F-11D3-BF4B-00C04F79EFBC}") = "CS_NPCServer", "CS_NPCServer\CS_NPCServer.csproj", "{57D25FD1-EA2E-46AA-8B48-57931A3E9436}"
EndProject
Global
	GlobalSection(TeamFoundationVersionControl) = preSolution
		SccNumberOfProjects = 2
		SccEnterpriseProvider = {4CA58AB2-18FA-4F8D-95D4-32DDF27D184C}
		SccTeamFoundationServer = http://127.0.0.1:8919/tfs/joeyprojects
		SccLocalPath0 = .
		SccProjectUniqueName1 = CS_NPCServer\\CS_NPCServer.csproj
		SccProjectName1 = CS_NPCServer
		SccLocalPath1 = CS_NPCServer
	EndGlobalSection
	GlobalSection(SolutionConfigurationPlatforms) = preSolution
		Debug|x86 = Debug|x86
		Release|x86 = Release|x86
	EndGlobalSection
	GlobalSection(ProjectConfigurationPlatforms) = postSolution
		{57D25FD1-EA2E-46AA-8B48-57931A3E9436}.Debug|x86.ActiveCfg = Debug|x86
		{57D25FD1-EA2E-46AA-8B48-57931A3E9436}.Debug|x86.Build.0 = Debug|x86
		{57D25FD1-EA2E-46AA-8B48-57931A3E9436}.Release|x86.ActiveCfg = Release|x86
		{57D25FD1-EA2E-46AA-8B48-57931A3E9436}.Release|x86.Build.0 = Release|x86
	EndGlobalSection
	GlobalSection(SolutionProperties) = preSolution
		HideSolutionNode = FALSE
	EndGlobalSection
EndGlobal
